// !$*UTF8*$!
{
	archiveVersion = 1;
	classes = {
	};
	objectVersion = 77;
	objects = {

/* Begin PBXBuildFile section */
		345EA7B72E9A825E1A72CEA1 /* GPUManagerApp.swift in Sources */ = {isa = PBXBuildFile; fileRef = 32156AC9CEAD3411E3997121 /* GPUManagerApp.swift */; };
		5B59490622F5D932B443C5D1 /* Engine.swift in Sources */ = {isa = PBXBuildFile; fileRef = 852CE233DF143BF2FB833FB9 /* Engine.swift */; };
		8121795C2FE7FE201387150B /* Models.swift in Sources */ = {isa = PBXBuildFile; fileRef = C942AA08583B21A50A98EEEE /* Models.swift */; };
		AA65EE082FC0F62100A2CC7F /* ActivityMonitorScraper.swift in Sources */ = {isa = PBXBuildFile; fileRef = AA65EE072FC0F62100A2CC7F /* ActivityMonitorScraper.swift */; };
		F5527BFC745765C6CDFAFC8F /* Assets.xcassets in Resources */ = {isa = PBXBuildFile; fileRef = E3D8D95D3AA69F1896082423 /* Assets.xcassets */; };
		FB3AF78D8F0EA2682A93879F /* ContentView.swift in Sources */ = {isa = PBXBuildFile; fileRef = 21596BD097E558C0E60CD956 /* ContentView.swift */; };
/* End PBXBuildFile section */

/* Begin PBXFileReference section */
		21596BD097E558C0E60CD956 /* ContentView.swift */ = {isa = PBXFileReference; lastKnownFileType = sourcecode.swift; path = ContentView.swift; sourceTree = "<group>"; };
		24039172329D0BD586376BC3 /* KingLlama.app */ = {isa = PBXFileReference; explicitFileType = wrapper.application; includeInIndex = 0; path = KingLlama.app; sourceTree = BUILT_PRODUCTS_DIR; };
		32156AC9CEAD3411E3997121 /* GPUManagerApp.swift */ = {isa = PBXFileReference; lastKnownFileType = sourcecode.swift; path = GPUManagerApp.swift; sourceTree = "<group>"; };
		719C361297F90F864F7DF1A6 /* Info.plist */ = {isa = PBXFileReference; lastKnownFileType = text.plist; path = Info.plist; sourceTree = "<group>"; };
		852CE233DF143BF2FB833FB9 /* Engine.swift */ = {isa = PBXFileReference; lastKnownFileType = sourcecode.swift; path = Engine.swift; sourceTree = "<group>"; };
		AA65EE072FC0F62100A2CC7F /* ActivityMonitorScraper.swift */ = {isa = PBXFileReference; lastKnownFileType = sourcecode.swift; path = ActivityMonitorScraper.swift; sourceTree = "<group>"; };
		C942AA08583B21A50A98EEEE /* Models.swift */ = {isa = PBXFileReference; lastKnownFileType = sourcecode.swift; path = Models.swift; sourceTree = "<group>"; };
		E3D8D95D3AA69F1896082423 /* Assets.xcassets */ = {isa = PBXFileReference; lastKnownFileType = folder.assetcatalog; path = Assets.xcassets; sourceTree = "<group>"; };
/* End PBXFileReference section */

/* Begin PBXGroup section */
		5A312AC926F09E74C2BFE09F /* Products */ = {
			isa = PBXGroup;
			children = (
				24039172329D0BD586376BC3 /* KingLlama.app */,
			);
			name = Products;
			sourceTree = "<group>";
		};
		848225D8D6DB1BDE165FCD9C /* GPUManager */ = {
			isa = PBXGroup;
			children = (
				21596BD097E558C0E60CD956 /* ContentView.swift */,
				852CE233DF143BF2FB833FB9 /* Engine.swift */,
				32156AC9CEAD3411E3997121 /* GPUManagerApp.swift */,
				C942AA08583B21A50A98EEEE /* Models.swift */,
				98BB2C8AB7B930EF5767BDC2 /* Resources */,
				AA65EE072FC0F62100A2CC7F /* ActivityMonitorScraper.swift */,
			);
			path = GPUManager;
			sourceTree = "<group>";
		};
		98BB2C8AB7B930EF5767BDC2 /* Resources */ = {
			isa = PBXGroup;
			children = (
				E3D8D95D3AA69F1896082423 /* Assets.xcassets */,
				719C361297F90F864F7DF1A6 /* Info.plist */,
			);
			path = Resources;
			sourceTree = "<group>";
		};
		BF5944E0D4111B0F43BCF704 = {
			isa = PBXGroup;
			children = (
				848225D8D6DB1BDE165FCD9C /* GPUManager */,
				5A312AC926F09E74C2BFE09F /* Products */,
			);
			sourceTree = "<group>";
		};
/* End PBXGroup section */

/* Begin PBXNativeTarget section */
		D31741A27D13A6B9387C2521 /* KingLlama */ = {
			isa = PBXNativeTarget;
			buildConfigurationList = 279D46ED2374DC92B4BBA737 /* Build configuration list for PBXNativeTarget "KingLlama" */;
			buildPhases = (
				AD4AFD9BA6BA97A49FD8AB5C /* Sources */,
				6A0B35F62D36636BFB75B7BB /* Resources */,
			);
			buildRules = (
			);
			dependencies = (
			);
			name = KingLlama;
			packageProductDependencies = (
			);
			productName = KingLlama;
			productReference = 24039172329D0BD586376BC3 /* KingLlama.app */;
			productType = "com.apple.product-type.application";
		};
/* End PBXNativeTarget section */

/* Begin PBXProject section */
		5291B8E443BADAE40218EDF4 /* Project object */ = {
			isa = PBXProject;
			attributes = {
				BuildIndependentTargetsInParallel = YES;
				LastUpgradeCheck = 2650;
				TargetAttributes = {
					D31741A27D13A6B9387C2521 = {
						ProvisioningStyle = Automatic;
					};
				};
			};
			buildConfigurationList = 117F1B02DE99E2F6CCCE4580 /* Build configuration list for PBXProject "KingLlama" */;
			developmentRegion = en;
			hasScannedForEncodings = 0;
			knownRegions = (
				Base,
				en,
			);
			mainGroup = BF5944E0D4111B0F43BCF704;
			minimizedProjectReferenceProxies = 1;
			preferredProjectObjectVersion = 77;
			productRefGroup = 5A312AC926F09E74C2BFE09F /* Products */;
			projectDirPath = "";
			projectRoot = "";
			targets = (
				D31741A27D13A6B9387C2521 /* KingLlama */,
			);
		};
/* End PBXProject section */

/* Begin PBXResourcesBuildPhase section */
		6A0B35F62D36636BFB75B7BB /* Resources */ = {
			isa = PBXResourcesBuildPhase;
			buildActionMask = 2147483647;
			files = (
				F5527BFC745765C6CDFAFC8F /* Assets.xcassets in Resources */,
			);
			runOnlyForDeploymentPostprocessing = 0;
		};
/* End PBXResourcesBuildPhase section */

/* Begin PBXSourcesBuildPhase section */
		AD4AFD9BA6BA97A49FD8AB5C /* Sources */ = {
			isa = PBXSourcesBuildPhase;
			buildActionMask = 2147483647;
			files = (
				FB3AF78D8F0EA2682A93879F /* ContentView.swift in Sources */,
				5B59490622F5D932B443C5D1 /* Engine.swift in Sources */,
				AA65EE082FC0F62100A2CC7F /* ActivityMonitorScraper.swift in Sources */,
				345EA7B72E9A825E1A72CEA1 /* GPUManagerApp.swift in Sources */,
				8121795C2FE7FE201387150B /* Models.swift in Sources */,
			);
			runOnlyForDeploymentPostprocessing = 0;
		};
/* End PBXSourcesBuildPhase section */

/* Begin XCBuildConfiguration section */
		435809BB06644FB43D3D82C8 /* Debug */ = {
			isa = XCBuildConfiguration;
			buildSettings = {
				ASSETCATALOG_COMPILER_APPICON_NAME = AppIcon;
				"CODE_SIGN_IDENTITY[sdk=macosx*]" = "-";
				COMBINE_HIDPI_IMAGES = YES;
				DEAD_CODE_STRIPPING = YES;
				ENABLE_APP_SANDBOX = NO;
				ENABLE_HARDENED_RUNTIME = YES;
				GENERATE_INFOPLIST_FILE = NO;
				INFOPLIST_FILE = GPUManager/Resources/Info.plist;
				LD_RUNPATH_SEARCH_PATHS = (
					"$(inherited)",
					"@executable_path/../Frameworks",
				);
				PRODUCT_BUNDLE_IDENTIFIER = com.kingllama.KingLlama;
				SDKROOT = macosx;
			};
			name = Debug;
		};
		8B3963217D3EFEA987C6B8A6 /* Release */ = {
			isa = XCBuildConfiguration;
			buildSettings = {
				ALWAYS_SEARCH_USER_PATHS = NO;
				CLANG_ANALYZER_NONNULL = YES;
				CLANG_ANALYZER_NUMBER_OBJECT_CONVERSION = YES_AGGRESSIVE;
				CLANG_CXX_LANGUAGE_STANDARD = "gnu++14";
				CLANG_CXX_LIBRARY = "libc++";
				CLANG_ENABLE_MODULES = YES;
				CLANG_ENABLE_OBJC_ARC = YES;
				CLANG_ENABLE_OBJC_WEAK = YES;
				CLANG_WARN_BLOCK_CAPTURE_AUTORELEASING = YES;
				CLANG_WARN_BOOL_CONVERSION = YES;
				CLANG_WARN_COMMA = YES;
				CLANG_WARN_CONSTANT_CONVERSION = YES;
				CLANG_WARN_DEPRECATED_OBJC_IMPLEMENTATIONS = YES;
				CLANG_WARN_DIRECT_OBJC_ISA_USAGE = YES_ERROR;
				CLANG_WARN_DOCUMENTATION_COMMENTS = YES;
				CLANG_WARN_EMPTY_BODY = YES;
				CLANG_WARN_ENUM_CONVERSION = YES;
				CLANG_WARN_INFINITE_RECURSION = YES;
				CLANG_WARN_INT_CONVERSION = YES;
				CLANG_WARN_NON_LITERAL_NULL_CONVERSION = YES;
				CLANG_WARN_OBJC_IMPLICIT_RETAIN_SELF = YES;
				CLANG_WARN_OBJC_LITERAL_CONVERSION = YES;
				CLANG_WARN_OBJC_ROOT_CLASS = YES_ERROR;
				CLANG_WARN_QUOTED_INCLUDE_IN_FRAMEWORK_HEADER = YES;
				CLANG_WARN_RANGE_LOOP_ANALYSIS = YES;
				CLANG_WARN_STRICT_PROTOTYPES = YES;
				CLANG_WARN_SUSPICIOUS_MOVE = YES;
				CLANG_WARN_UNGUARDED_AVAILABILITY = YES_AGGRESSIVE;
				CLANG_WARN_UNREACHABLE_CODE = YES;
				CLANG_WARN__DUPLICATE_METHOD_MATCH = YES;
				CODE_SIGN_IDENTITY = "Apple Development";
				CODE_SIGN_STYLE = Automatic;
				COPY_PHASE_STRIP = NO;
				CURRENT_PROJECT_VERSION = 1;
				DEAD_CODE_STRIPPING = YES;
				DEBUG_INFORMATION_FORMAT = "dwarf-with-dsym";
				ENABLE_NS_ASSERTIONS = NO;
				ENABLE_STRICT_OBJC_MSGSEND = YES;
				ENABLE_USER_SCRIPT_SANDBOXING = YES;
				GCC_C_LANGUAGE_STANDARD = gnu11;
				GCC_NO_COMMON_BLOCKS = YES;
				GCC_WARN_64_TO_32_BIT_CONVERSION = YES;
				GCC_WARN_ABOUT_RETURN_TYPE = YES_ERROR;
				GCC_WARN_UNDECLARED_SELECTOR = YES;
				GCC_WARN_UNINITIALIZED_AUTOS = YES_AGGRESSIVE;
				GCC_WARN_UNUSED_FUNCTION = YES;
				GCC_WARN_UNUSED_VARIABLE = YES;
				MACOSX_DEPLOYMENT_TARGET = 14.0;
				MARKETING_VERSION = 1.0;
				MTL_ENABLE_DEBUG_INFO = NO;
				MTL_FAST_MATH = YES;
				PRODUCT_NAME = "$(TARGET_NAME)";
				SDKROOT = macosx;
				STRING_CATALOG_GENERATE_SYMBOLS = YES;
				SWIFT_ACTIVE_COMPILATION_CONDITIONS = "$(inherited)";
				SWIFT_COMPILATION_MODE = wholemodule;
				SWIFT_OPTIMIZATION_LEVEL = "-O";
				SWIFT_VERSION = 5.9;
			};
			name = Release;
		};
		EFF35294DD36AADBD69BB45E /* Release */ = {
			isa = XCBuildConfiguration;
			buildSettings = {
				ASSETCATALOG_COMPILER_APPICON_NAME = AppIcon;
				"CODE_SIGN_IDENTITY[sdk=macosx*]" = "-";
				COMBINE_HIDPI_IMAGES = YES;
				DEAD_CODE_STRIPPING = YES;
				ENABLE_APP_SANDBOX = NO;
				ENABLE_HARDENED_RUNTIME = YES;
				GENERATE_INFOPLIST_FILE = NO;
				INFOPLIST_FILE = GPUManager/Resources/Info.plist;
				LD_RUNPATH_SEARCH_PATHS = (
					"$(inherited)",
					"@executable_path/../Frameworks",
				);
				PRODUCT_BUNDLE_IDENTIFIER = com.kingllama.KingLlama;
				SDKROOT = macosx;
			};
			name = Release;
		};
		F75FB90570CD8D33F717DDEB /* Debug */ = {
			isa = XCBuildConfiguration;
			buildSettings = {
				ALWAYS_SEARCH_USER_PATHS = NO;
				CLANG_ANALYZER_NONNULL = YES;
				CLANG_ANALYZER_NUMBER_OBJECT_CONVERSION = YES_AGGRESSIVE;
				CLANG_CXX_LANGUAGE_STANDARD = "gnu++14";
				CLANG_CXX_LIBRARY = "libc++";
				CLANG_ENABLE_MODULES = YES;
				CLANG_ENABLE_OBJC_ARC = YES;
				CLANG_ENABLE_OBJC_WEAK = YES;
				CLANG_WARN_BLOCK_CAPTURE_AUTORELEASING = YES;
				CLANG_WARN_BOOL_CONVERSION = YES;
				CLANG_WARN_COMMA = YES;
				CLANG_WARN_CONSTANT_CONVERSION = YES;
				CLANG_WARN_DEPRECATED_OBJC_IMPLEMENTATIONS = YES;
				CLANG_WARN_DIRECT_OBJC_ISA_USAGE = YES_ERROR;
				CLANG_WARN_DOCUMENTATION_COMMENTS = YES;
				CLANG_WARN_EMPTY_BODY = YES;
				CLANG_WARN_ENUM_CONVERSION = YES;
				CLANG_WARN_INFINITE_RECURSION = YES;
				CLANG_WARN_INT_CONVERSION = YES;
				CLANG_WARN_NON_LITERAL_NULL_CONVERSION = YES;
				CLANG_WARN_OBJC_IMPLICIT_RETAIN_SELF = YES;
				CLANG_WARN_OBJC_LITERAL_CONVERSION = YES;
				CLANG_WARN_OBJC_ROOT_CLASS = YES_ERROR;
				CLANG_WARN_QUOTED_INCLUDE_IN_FRAMEWORK_HEADER = YES;
				CLANG_WARN_RANGE_LOOP_ANALYSIS = YES;
				CLANG_WARN_STRICT_PROTOTYPES = YES;
				CLANG_WARN_SUSPICIOUS_MOVE = YES;
				CLANG_WARN_UNGUARDED_AVAILABILITY = YES_AGGRESSIVE;
				CLANG_WARN_UNREACHABLE_CODE = YES;
				CLANG_WARN__DUPLICATE_METHOD_MATCH = YES;
				CODE_SIGN_IDENTITY = "Apple Development";
				CODE_SIGN_STYLE = Automatic;
				COPY_PHASE_STRIP = NO;
				CURRENT_PROJECT_VERSION = 1;
				DEAD_CODE_STRIPPING = YES;
				DEBUG_INFORMATION_FORMAT = dwarf;
				ENABLE_STRICT_OBJC_MSGSEND = YES;
				ENABLE_TESTABILITY = YES;
				ENABLE_USER_SCRIPT_SANDBOXING = YES;
				GCC_C_LANGUAGE_STANDARD = gnu11;
				GCC_DYNAMIC_NO_PIC = NO;
				GCC_NO_COMMON_BLOCKS = YES;
				GCC_OPTIMIZATION_LEVEL = 0;
				GCC_PREPROCESSOR_DEFINITIONS = (
					"$(inherited)",
					"DEBUG=1",
				);
				GCC_WARN_64_TO_32_BIT_CONVERSION = YES;
				GCC_WARN_ABOUT_RETURN_TYPE = YES_ERROR;
				GCC_WARN_UNDECLARED_SELECTOR = YES;
				GCC_WARN_UNINITIALIZED_AUTOS = YES_AGGRESSIVE;
				GCC_WARN_UNUSED_FUNCTION = YES;
				GCC_WARN_UNUSED_VARIABLE = YES;
				MACOSX_DEPLOYMENT_TARGET = 14.0;
				MARKETING_VERSION = 1.0;
				MTL_ENABLE_DEBUG_INFO = INCLUDE_SOURCE;
				MTL_FAST_MATH = YES;
				ONLY_ACTIVE_ARCH = YES;
				PRODUCT_NAME = "$(TARGET_NAME)";
				SDKROOT = macosx;
				STRING_CATALOG_GENERATE_SYMBOLS = YES;
				SWIFT_ACTIVE_COMPILATION_CONDITIONS = "$(inherited)";
				SWIFT_OPTIMIZATION_LEVEL = "-Onone";
				SWIFT_VERSION = 5.9;
			};
			name = Debug;
		};
/* End XCBuildConfiguration section */

/* Begin XCConfigurationList section */
		117F1B02DE99E2F6CCCE4580 /* Build configuration list for PBXProject "KingLlama" */ = {
			isa = XCConfigurationList;
			buildConfigurations = (
				F75FB90570CD8D33F717DDEB /* Debug */,
				8B3963217D3EFEA987C6B8A6 /* Release */,
			);
			defaultConfigurationIsVisible = 0;
			defaultConfigurationName = Debug;
		};
		279D46ED2374DC92B4BBA737 /* Build configuration list for PBXNativeTarget "KingLlama" */ = {
			isa = XCConfigurationList;
			buildConfigurations = (
				435809BB06644FB43D3D82C8 /* Debug */,
				EFF35294DD36AADBD69BB45E /* Release */,
			);
			defaultConfigurationIsVisible = 0;
			defaultConfigurationName = Debug;
		};
/* End XCConfigurationList section */
	};
	rootObject = 5291B8E443BADAE40218EDF4 /* Project object */;
}
